// !$*UTF8*$!
{
	archiveVersion = 1;
	classes = {
	};
	objectVersion = 46;
	objects = {

/* Begin PBXBuildFile section */
		015CDCFF1892F77700C9EB05 /* Foundation.framework in Frameworks */ = {isa = PBXBuildFile; fileRef = 015CDCFE1892F77700C9EB05 /* Foundation.framework */; };
		015CDD011892F77700C9EB05 /* CoreGraphics.framework in Frameworks */ = {isa = PBXBuildFile; fileRef = 015CDD001892F77700C9EB05 /* CoreGraphics.framework */; };
		015CDD031892F77700C9EB05 /* UIKit.framework in Frameworks */ = {isa = PBXBuildFile; fileRef = 015CDD021892F77700C9EB05 /* UIKit.framework */; };
		015CDD091892F77700C9EB05 /* InfoPlist.strings in Resources */ = {isa = PBXBuildFile; fileRef = 015CDD071892F77700C9EB05 /* InfoPlist.strings */; };
		015CDD0B1892F77700C9EB05 /* main.m in Sources */ = {isa = PBXBuildFile; fileRef = 015CDD0A1892F77700C9EB05 /* main.m */; };
		015CDD0F1892F77700C9EB05 /* QuizAppDelegate.m in Sources */ = {isa = PBXBuildFile; fileRef = 015CDD0E1892F77700C9EB05 /* QuizAppDelegate.m */; };
		015CDD121892F77700C9EB05 /* Main.storyboard in Resources */ = {isa = PBXBuildFile; fileRef = 015CDD101892F77700C9EB05 /* Main.storyboard */; };
		015CDD151892F77700C9EB05 /* QuizViewController.m in Sources */ = {isa = PBXBuildFile; fileRef = 015CDD141892F77700C9EB05 /* QuizViewController.m */; };
		015CDD171892F77700C9EB05 /* Images.xcassets in Resources */ = {isa = PBXBuildFile; fileRef = 015CDD161892F77700C9EB05 /* Images.xcassets */; };
		015CDD1E1892F77700C9EB05 /* XCTest.framework in Frameworks */ = {isa = PBXBuildFile; fileRef = 015CDD1D1892F77700C9EB05 /* XCTest.framework */; };
		015CDD1F1892F77700C9EB05 /* Foundation.framework in Frameworks */ = {isa = PBXBuildFile; fileRef = 015CDCFE1892F77700C9EB05 /* Foundation.framework */; };
		015CDD201892F77700C9EB05 /* UIKit.framework in Frameworks */ = {isa = PBXBuildFile; fileRef = 015CDD021892F77700C9EB05 /* UIKit.framework */; };
		015CDD281892F77700C9EB05 /* InfoPlist.strings in Resources */ = {isa = PBXBuildFile; fileRef = 015CDD261892F77700C9EB05 /* InfoPlist.strings */; };
		015CDD2A1892F77700C9EB05 /* test1pgm1Tests.m in Sources */ = {isa = PBXBuildFile; fileRef = 015CDD291892F77700C9EB05 /* test1pgm1Tests.m */; };
/* End PBXBuildFile section */

/* Begin PBXContainerItemProxy section */
		015CDD211892F77700C9EB05 /* PBXContainerItemProxy */ = {
			isa = PBXContainerItemProxy;
			containerPortal = 015CDCF31892F77700C9EB05 /* Project object */;
			proxyType = 1;
			remoteGlobalIDString = 015CDCFA1892F77700C9EB05;
			remoteInfo = test1pgm1;
		};
/* End PBXContainerItemProxy section */

/* Begin PBXFileReference section */
		015CDCFB1892F77700C9EB05 /* test1pgm1.app */ = {isa = PBXFileReference; explicitFileType = wrapper.application; includeInIndex = 0; path = test1pgm1.app; sourceTree = BUILT_PRODUCTS_DIR; };
		015CDCFE1892F77700C9EB05 /* Foundation.framework */ = {isa = PBXFileReference; lastKnownFileType = wrapper.framework; name = Foundation.framework; path = System/Library/Frameworks/Foundation.framework; sourceTree = SDKROOT; };
		015CDD001892F77700C9EB05 /* CoreGraphics.framework */ = {isa = PBXFileReference; lastKnownFileType = wrapper.framework; name = CoreGraphics.framework; path = System/Library/Frameworks/CoreGraphics.framework; sourceTree = SDKROOT; };
		015CDD021892F77700C9EB05 /* UIKit.framework */ = {isa = PBXFileReference; lastKnownFileType = wrapper.framework; name = UIKit.framework; path = System/Library/Frameworks/UIKit.framework; sourceTree = SDKROOT; };
		015CDD061892F77700C9EB05 /* test1pgm1-Info.plist */ = {isa = PBXFileReference; lastKnownFileType = text.plist.xml; path = "test1pgm1-Info.plist"; sourceTree = "<group>"; };
		015CDD081892F77700C9EB05 /* en */ = {isa = PBXFileReference; lastKnownFileType = text.plist.strings; name = en; path = en.lproj/InfoPlist.strings; sourceTree = "<group>"; };
		015CDD0A1892F77700C9EB05 /* main.m */ = {isa = PBXFileReference; lastKnownFileType = sourcecode.c.objc; path = main.m; sourceTree = "<group>"; };
		015CDD0C1892F77700C9EB05 /* test1pgm1-Prefix.pch */ = {isa = PBXFileReference; lastKnownFileType = sourcecode.c.h; path = "test1pgm1-Prefix.pch"; sourceTree = "<group>"; };
		015CDD0D1892F77700C9EB05 /* QuizAppDelegate.h */ = {isa = PBXFileReference; lastKnownFileType = sourcecode.c.h; path = QuizAppDelegate.h; sourceTree = "<group>"; };
		015CDD0E1892F77700C9EB05 /* QuizAppDelegate.m */ = {isa = PBXFileReference; lastKnownFileType = sourcecode.c.objc; path = QuizAppDelegate.m; sourceTree = "<group>"; };
		015CDD111892F77700C9EB05 /* Base */ = {isa = PBXFileReference; lastKnownFileType = file.storyboard; name = Base; path = Base.lproj/Main.storyboard; sourceTree = "<group>"; };
		015CDD131892F77700C9EB05 /* QuizViewController.h */ = {isa = PBXFileReference; lastKnownFileType = sourcecode.c.h; path = QuizViewController.h; sourceTree = "<group>"; };
		015CDD141892F77700C9EB05 /* QuizViewController.m */ = {isa = PBXFileReference; lastKnownFileType = sourcecode.c.objc; path = QuizViewController.m; sourceTree = "<group>"; };
		015CDD161892F77700C9EB05 /* Images.xcassets */ = {isa = PBXFileReference; lastKnownFileType = folder.assetcatalog; path = Images.xcassets; sourceTree = "<group>"; };
		015CDD1C1892F77700C9EB05 /* test1pgm1Tests.xctest */ = {isa = PBXFileReference; explicitFileType = wrapper.cfbundle; includeInIndex = 0; path = test1pgm1Tests.xctest; sourceTree = BUILT_PRODUCTS_DIR; };
		015CDD1D1892F77700C9EB05 /* XCTest.framework */ = {isa = PBXFileReference; lastKnownFileType = wrapper.framework; name = XCTest.framework; path = Library/Frameworks/XCTest.framework; sourceTree = DEVELOPER_DIR; };
		015CDD251892F77700C9EB05 /* test1pgm1Tests-Info.plist */ = {isa = PBXFileReference; lastKnownFileType = text.plist.xml; path = "test1pgm1Tests-Info.plist"; sourceTree = "<group>"; };
		015CDD271892F77700C9EB05 /* en */ = {isa = PBXFileReference; lastKnownFileType = text.plist.strings; name = en; path = en.lproj/InfoPlist.strings; sourceTree = "<group>"; };
		015CDD291892F77700C9EB05 /* test1pgm1Tests.m */ = {isa = PBXFileReference; lastKnownFileType = sourcecode.c.objc; path = test1pgm1Tests.m; sourceTree = "<group>"; };
/* End PBXFileReference section */

/* Begin PBXFrameworksBuildPhase section */
		015CDCF81892F77700C9EB05 /* Frameworks */ = {
			isa = PBXFrameworksBuildPhase;
			buildActionMask = 2147483647;
			files = (
				015CDD011892F77700C9EB05 /* CoreGraphics.framework in Frameworks */,
				015CDD031892F77700C9EB05 /* UIKit.framework in Frameworks */,
				015CDCFF1892F77700C9EB05 /* Foundation.framework in Frameworks */,
			);
			runOnlyForDeploymentPostprocessing = 0;
		};
		015CDD191892F77700C9EB05 /* Frameworks */ = {
			isa = PBXFrameworksBuildPhase;
			buildActionMask = 2147483647;
			files = (
				015CDD1E1892F77700C9EB05 /* XCTest.framework in Frameworks */,
				015CDD201892F77700C9EB05 /* UIKit.framework in Frameworks */,
				015CDD1F1892F77700C9EB05 /* Foundation.framework in Frameworks */,
			);
			runOnlyForDeploymentPostprocessing = 0;
		};
/* End PBXFrameworksBuildPhase section */

/* Begin PBXGroup section */
		015CDCF21892F77700C9EB05 = {
			isa = PBXGroup;
			children = (
				015CDD041892F77700C9EB05 /* test1pgm1 */,
				015CDD231892F77700C9EB05 /* test1pgm1Tests */,
				015CDCFD1892F77700C9EB05 /* Frameworks */,
				015CDCFC1892F77700C9EB05 /* Products */,
			);
			sourceTree = "<group>";
		};
		015CDCFC1892F77700C9EB05 /* Products */ = {
			isa = PBXGroup;
			children = (
				015CDCFB1892F77700C9EB05 /* test1pgm1.app */,
				015CDD1C1892F77700C9EB05 /* test1pgm1Tests.xctest */,
			);
			name = Products;
			sourceTree = "<group>";
		};
		015CDCFD1892F77700C9EB05 /* Frameworks */ = {
			isa = PBXGroup;
			children = (
				015CDCFE1892F77700C9EB05 /* Foundation.framework */,
				015CDD001892F77700C9EB05 /* CoreGraphics.framework */,
				015CDD021892F77700C9EB05 /* UIKit.framework */,
				015CDD1D1892F77700C9EB05 /* XCTest.framework */,
			);
			name = Frameworks;
			sourceTree = "<group>";
		};
		015CDD041892F77700C9EB05 /* test1pgm1 */ = {
			isa = PBXGroup;
			children = (
				015CDD0D1892F77700C9EB05 /* QuizAppDelegate.h */,
				015CDD0E1892F77700C9EB05 /* QuizAppDelegate.m */,
				015CDD101892F77700C9EB05 /* Main.storyboard */,
				015CDD131892F77700C9EB05 /* QuizViewController.h */,
				015CDD141892F77700C9EB05 /* QuizViewController.m */,
				015CDD161892F77700C9EB05 /* Images.xcassets */,
				015CDD051892F77700C9EB05 /* Supporting Files */,
			);
			path = test1pgm1;
			sourceTree = "<group>";
		};
		015CDD051892F77700C9EB05 /* Supporting Files */ = {
			isa = PBXGroup;
			children = (
				015CDD061892F77700C9EB05 /* test1pgm1-Info.plist */,
				015CDD071892F77700C9EB05 /* InfoPlist.strings */,
				015CDD0A1892F77700C9EB05 /* main.m */,
				015CDD0C1892F77700C9EB05 /* test1pgm1-Prefix.pch */,
			);
			name = "Supporting Files";
			sourceTree = "<group>";
		};
		015CDD231892F77700C9EB05 /* test1pgm1Tests */ = {
			isa = PBXGroup;
			children = (
				015CDD291892F77700C9EB05 /* test1pgm1Tests.m */,
				015CDD241892F77700C9EB05 /* Supporting Files */,
			);
			path = test1pgm1Tests;
			sourceTree = "<group>";
		};
		015CDD241892F77700C9EB05 /* Supporting Files */ = {
			isa = PBXGroup;
			children = (
				015CDD251892F77700C9EB05 /* test1pgm1Tests-Info.plist */,
				015CDD261892F77700C9EB05 /* InfoPlist.strings */,
			);
			name = "Supporting Files";
			sourceTree = "<group>";
		};
/* End PBXGroup section */

/* Begin PBXNativeTarget section */
		015CDCFA1892F77700C9EB05 /* test1pgm1 */ = {
			isa = PBXNativeTarget;
			buildConfigurationList = 015CDD2D1892F77700C9EB05 /* Build configuration list for PBXNativeTarget "test1pgm1" */;
			buildPhases = (
				015CDCF71892F77700C9EB05 /* Sources */,
				015CDCF81892F77700C9EB05 /* Frameworks */,
				015CDCF91892F77700C9EB05 /* Resources */,
			);
			buildRules = (
			);
			dependencies = (
			);
			name = test1pgm1;
			productName = test1pgm1;
			productReference = 015CDCFB1892F77700C9EB05 /* test1pgm1.app */;
			productType = "com.apple.product-type.application";
		};
		015CDD1B1892F77700C9EB05 /* test1pgm1Tests */ = {
			isa = PBXNativeTarget;
			buildConfigurationList = 015CDD301892F77700C9EB05 /* Build configuration list for PBXNativeTarget "test1pgm1Tests" */;
			buildPhases = (
				015CDD181892F77700C9EB05 /* Sources */,
				015CDD191892F77700C9EB05 /* Frameworks */,
				015CDD1A1892F77700C9EB05 /* Resources */,
			);
			buildRules = (
			);
			dependencies = (
				015CDD221892F77700C9EB05 /* PBXTargetDependency */,
			);
			name = test1pgm1Tests;
			productName = test1pgm1Tests;
			productReference = 015CDD1C1892F77700C9EB05 /* test1pgm1Tests.xctest */;
			productType = "com.apple.product-type.bundle.unit-test";
		};
/* End PBXNativeTarget section */

/* Begin PBXProject section */
		015CDCF31892F77700C9EB05 /* Project object */ = {
			isa = PBXProject;
			attributes = {
				CLASSPREFIX = Quiz;
				LastUpgradeCheck = 0500;
				ORGANIZATIONNAME = "Lesko, Dereck";
				TargetAttributes = {
					015CDD1B1892F77700C9EB05 = {
						TestTargetID = 015CDCFA1892F77700C9EB05;
					};
				};
			};
			buildConfigurationList = 015CDCF61892F77700C9EB05 /* Build configuration list for PBXProject "test1pgm1" */;
			compatibilityVersion = "Xcode 3.2";
			developmentRegion = English;
			hasScannedForEncodings = 0;
			knownRegions = (
				en,
				Base,
			);
			mainGroup = 015CDCF21892F77700C9EB05;
			productRefGroup = 015CDCFC1892F77700C9EB05 /* Products */;
			projectDirPath = "";
			projectRoot = "";
			targets = (
				015CDCFA1892F77700C9EB05 /* test1pgm1 */,
				015CDD1B1892F77700C9EB05 /* test1pgm1Tests */,
			);
		};
/* End PBXProject section */

/* Begin PBXResourcesBuildPhase section */
		015CDCF91892F77700C9EB05 /* Resources */ = {
			isa = PBXResourcesBuildPhase;
			buildActionMask = 2147483647;
			files = (
				015CDD171892F77700C9EB05 /* Images.xcassets in Resources */,
				015CDD091892F77700C9EB05 /* InfoPlist.strings in Resources */,
				015CDD121892F77700C9EB05 /* Main.storyboard in Resources */,
			);
			runOnlyForDeploymentPostprocessing = 0;
		};
		015CDD1A1892F77700C9EB05 /* Resources */ = {
			isa = PBXResourcesBuildPhase;
			buildActionMask = 2147483647;
			files = (
				015CDD281892F77700C9EB05 /* InfoPlist.strings in Resources */,
			);
			runOnlyForDeploymentPostprocessing = 0;
		};
/* End PBXResourcesBuildPhase section */

/* Begin PBXSourcesBuildPhase section */
		015CDCF71892F77700C9EB05 /* Sources */ = {
			isa = PBXSourcesBuildPhase;
			buildActionMask = 2147483647;
			files = (
				015CDD0B1892F77700C9EB05 /* main.m in Sources */,
				015CDD0F1892F77700C9EB05 /* QuizAppDelegate.m in Sources */,
				015CDD151892F77700C9EB05 /* QuizViewController.m in Sources */,
			);
			runOnlyForDeploymentPostprocessing = 0;
		};
		015CDD181892F77700C9EB05 /* Sources */ = {
			isa = PBXSourcesBuildPhase;
			buildActionMask = 2147483647;
			files = (
				015CDD2A1892F77700C9EB05 /* test1pgm1Tests.m in Sources */,
			);
			runOnlyForDeploymentPostprocessing = 0;
		};
/* End PBXSourcesBuildPhase section */

/* Begin PBXTargetDependency section */
		015CDD221892F77700C9EB05 /* PBXTargetDependency */ = {
			isa = PBXTargetDependency;
			target = 015CDCFA1892F77700C9EB05 /* test1pgm1 */;
			targetProxy = 015CDD211892F77700C9EB05 /* PBXContainerItemProxy */;
		};
/* End PBXTargetDependency section */

/* Begin PBXVariantGroup section */
		015CDD071892F77700C9EB05 /* InfoPlist.strings */ = {
			isa = PBXVariantGroup;
			children = (
				015CDD081892F77700C9EB05 /* en */,
			);
			name = InfoPlist.strings;
			sourceTree = "<group>";
		};
		015CDD101892F77700C9EB05 /* Main.storyboard */ = {
			isa = PBXVariantGroup;
			children = (
				015CDD111892F77700C9EB05 /* Base */,
			);
			name = Main.storyboard;
			sourceTree = "<group>";
		};
		015CDD261892F77700C9EB05 /* InfoPlist.strings */ = {
			isa = PBXVariantGroup;
			children = (
				015CDD271892F77700C9EB05 /* en */,
			);
			name = InfoPlist.strings;
			sourceTree = "<group>";
		};
/* End PBXVariantGroup section */

/* Begin XCBuildConfiguration section */
		015CDD2B1892F77700C9EB05 /* Debug */ = {
			isa = XCBuildConfiguration;
			buildSettings = {
				ALWAYS_SEARCH_USER_PATHS = NO;
				ARCHS = "$(ARCHS_STANDARD_INCLUDING_64_BIT)";
				CLANG_CXX_LANGUAGE_STANDARD = "gnu++0x";
				CLANG_CXX_LIBRARY = "libc++";
				CLANG_ENABLE_MODULES = YES;
				CLANG_ENABLE_OBJC_ARC = YES;
				CLANG_WARN_BOOL_CONVERSION = YES;
				CLANG_WARN_CONSTANT_CONVERSION = YES;
				CLANG_WARN_DIRECT_OBJC_ISA_USAGE = YES_ERROR;
				CLANG_WARN_EMPTY_BODY = YES;
				CLANG_WARN_ENUM_CONVERSION = YES;
				CLANG_WARN_INT_CONVERSION = YES;
				CLANG_WARN_OBJC_ROOT_CLASS = YES_ERROR;
				CLANG_WARN__DUPLICATE_METHOD_MATCH = YES;
				"CODE_SIGN_IDENTITY[sdk=iphoneos*]" = "iPhone Developer";
				COPY_PHASE_STRIP = NO;
				GCC_C_LANGUAGE_STANDARD = gnu99;
				GCC_DYNAMIC_NO_PIC = NO;
				GCC_OPTIMIZATION_LEVEL = 0;
				GCC_PREPROCESSOR_DEFINITIONS = (
					"DEBUG=1",
					"$(inherited)",
				);
				GCC_SYMBOLS_PRIVATE_EXTERN = NO;
				GCC_WARN_64_TO_32_BIT_CONVERSION = YES;
				GCC_WARN_ABOUT_RETURN_TYPE = YES_ERROR;
				GCC_WARN_UNDECLARED_SELECTOR = YES;
				GCC_WARN_UNINITIALIZED_AUTOS = YES;
				GCC_WARN_UNUSED_FUNCTION = YES;
				GCC_WARN_UNUSED_VARIABLE = YES;
				IPHONEOS_DEPLOYMENT_TARGET = 7.0;
				ONLY_ACTIVE_ARCH = YES;
				SDKROOT = iphoneos;
			};
			name = Debug;
		};
		015CDD2C1892F77700C9EB05 /* Release */ = {
			isa = XCBuildConfiguration;
			buildSettings = {
				ALWAYS_SEARCH_USER_PATHS = NO;
				ARCHS = "$(ARCHS_STANDARD_INCLUDING_64_BIT)";
				CLANG_CXX_LANGUAGE_STANDARD = "gnu++0x";
				CLANG_CXX_LIBRARY = "libc++";
				CLANG_ENABLE_MODULES = YES;
				CLANG_ENABLE_OBJC_ARC = YES;
				CLANG_WARN_BOOL_CONVERSION = YES;
				CLANG_WARN_CONSTANT_CONVERSION = YES;
				CLANG_WARN_DIRECT_OBJC_ISA_USAGE = YES_ERROR;
				CLANG_WARN_EMPTY_BODY = YES;
				CLANG_WARN_ENUM_CONVERSION = YES;
				CLANG_WARN_INT_CONVERSION = YES;
				CLANG_WARN_OBJC_ROOT_CLASS = YES_ERROR;
				CLANG_WARN__DUPLICATE_METHOD_MATCH = YES;
				"CODE_SIGN_IDENTITY[sdk=iphoneos*]" = "iPhone Developer";
				COPY_PHASE_STRIP = YES;
				ENABLE_NS_ASSERTIONS = NO;
				GCC_C_LANGUAGE_STANDARD = gnu99;
				GCC_WARN_64_TO_32_BIT_CONVERSION = YES;
				GCC_WARN_ABOUT_RETURN_TYPE = YES_ERROR;
				GCC_WARN_UNDECLARED_SELECTOR = YES;
				GCC_WARN_UNINITIALIZED_AUTOS = YES;
				GCC_WARN_UNUSED_FUNCTION = YES;
				GCC_WARN_UNUSED_VARIABLE = YES;
				IPHONEOS_DEPLOYMENT_TARGET = 7.0;
				SDKROOT = iphoneos;
				VALIDATE_PRODUCT = YES;
			};
			name = Release;
		};
		015CDD2E1892F77700C9EB05 /* Debug */ = {
			isa = XCBuildConfiguration;
			buildSettings = {
				ASSETCATALOG_COMPILER_APPICON_NAME = AppIcon;
				ASSETCATALOG_COMPILER_LAUNCHIMAGE_NAME = LaunchImage;
				GCC_PRECOMPILE_PREFIX_HEADER = YES;
				GCC_PREFIX_HEADER = "test1pgm1/test1pgm1-Prefix.pch";
				INFOPLIST_FILE = "test1pgm1/test1pgm1-Info.plist";
				PRODUCT_NAME = "$(TARGET_NAME)";
				WRAPPER_EXTENSION = app;
			};
			name = Debug;
		};
		015CDD2F1892F77700C9EB05 /* Release */ = {
			isa = XCBuildConfiguration;
			buildSettings = {
				ASSETCATALOG_COMPILER_APPICON_NAME = AppIcon;
				ASSETCATALOG_COMPILER_LAUNCHIMAGE_NAME = LaunchImage;
				GCC_PRECOMPILE_PREFIX_HEADER = YES;
				GCC_PREFIX_HEADER = "test1pgm1/test1pgm1-Prefix.pch";
				INFOPLIST_FILE = "test1pgm1/test1pgm1-Info.plist";
				PRODUCT_NAME = "$(TARGET_NAME)";
				WRAPPER_EXTENSION = app;
			};
			name = Release;
		};
		015CDD311892F77700C9EB05 /* Debug */ = {
			isa = XCBuildConfiguration;
			buildSettings = {
				ARCHS = "$(ARCHS_STANDARD_INCLUDING_64_BIT)";
				BUNDLE_LOADER = "$(BUILT_PRODUCTS_DIR)/test1pgm1.app/test1pgm1";
				FRAMEWORK_SEARCH_PATHS = (
					"$(SDKROOT)/Developer/Library/Frameworks",
					"$(inherited)",
					"$(DEVELOPER_FRAMEWORKS_DIR)",
				);
				GCC_PRECOMPILE_PREFIX_HEADER = YES;
				GCC_PREFIX_HEADER = "test1pgm1/test1pgm1-Prefix.pch";
				GCC_PREPROCESSOR_DEFINITIONS = (
					"DEBUG=1",
					"$(inherited)",
				);
				INFOPLIST_FILE = "test1pgm1Tests/test1pgm1Tests-Info.plist";
				PRODUCT_NAME = "$(TARGET_NAME)";
				TEST_HOST = "$(BUNDLE_LOADER)";
				WRAPPER_EXTENSION = xctest;
			};
			name = Debug;
		};
		015CDD321892F77700C9EB05 /* Release */ = {
			isa = XCBuildConfiguration;
			buildSettings = {
				ARCHS = "$(ARCHS_STANDARD_INCLUDING_64_BIT)";
				BUNDLE_LOADER = "$(BUILT_PRODUCTS_DIR)/test1pgm1.app/test1pgm1";
				FRAMEWORK_SEARCH_PATHS = (
					"$(SDKROOT)/Developer/Library/Frameworks",
					"$(inherited)",
					"$(DEVELOPER_FRAMEWORKS_DIR)",
				);
				GCC_PRECOMPILE_PREFIX_HEADER = YES;
				GCC_PREFIX_HEADER = "test1pgm1/test1pgm1-Prefix.pch";
				INFOPLIST_FILE = "test1pgm1Tests/test1pgm1Tests-Info.plist";
				PRODUCT_NAME = "$(TARGET_NAME)";
				TEST_HOST = "$(BUNDLE_LOADER)";
				WRAPPER_EXTENSION = xctest;
			};
			name = Release;
		};
/* End XCBuildConfiguration section */

/* Begin XCConfigurationList section */
		015CDCF61892F77700C9EB05 /* Build configuration list for PBXProject "test1pgm1" */ = {
			isa = XCConfigurationList;
			buildConfigurations = (
				015CDD2B1892F77700C9EB05 /* Debug */,
				015CDD2C1892F77700C9EB05 /* Release */,
			);
			defaultConfigurationIsVisible = 0;
			defaultConfigurationName = Release;
		};
		015CDD2D1892F77700C9EB05 /* Build configuration list for PBXNativeTarget "test1pgm1" */ = {
			isa = XCConfigurationList;
			buildConfigurations = (
				015CDD2E1892F77700C9EB05 /* Debug */,
				015CDD2F1892F77700C9EB05 /* Release */,
			);
			defaultConfigurationIsVisible = 0;
		};
		015CDD301892F77700C9EB05 /* Build configuration list for PBXNativeTarget "test1pgm1Tests" */ = {
			isa = XCConfigurationList;
			buildConfigurations = (
				015CDD311892F77700C9EB05 /* Debug */,
				015CDD321892F77700C9EB05 /* Release */,
			);
			defaultConfigurationIsVisible = 0;
		};
/* End XCConfigurationList section */
	};
	rootObject = 015CDCF31892F77700C9EB05 /* Project object */;
}
